// !$*UTF8*$!
{
	archiveVersion = 1;
	classes = {
	};
	objectVersion = 55;
	objects = {

/* Begin PBXBuildFile section */
		1706A3A728A5A85B006E1D05 /* AppDelegate.swift in Sources */ = {isa = PBXBuildFile; fileRef = 1706A3A628A5A85B006E1D05 /* AppDelegate.swift */; };
		1706A3A928A5A85B006E1D05 /* SceneDelegate.swift in Sources */ = {isa = PBXBuildFile; fileRef = 1706A3A828A5A85B006E1D05 /* SceneDelegate.swift */; };
		1706A3AB28A5A85B006E1D05 /* ViewController.swift in Sources */ = {isa = PBXBuildFile; fileRef = 1706A3AA28A5A85B006E1D05 /* ViewController.swift */; };
		1706A3AE28A5A85B006E1D05 /* Main.storyboard in Resources */ = {isa = PBXBuildFile; fileRef = 1706A3AC28A5A85B006E1D05 /* Main.storyboard */; };
		1706A3B028A5A85C006E1D05 /* Assets.xcassets in Resources */ = {isa = PBXBuildFile; fileRef = 1706A3AF28A5A85C006E1D05 /* Assets.xcassets */; };
		1706A3B328A5A85C006E1D05 /* LaunchScreen.storyboard in Resources */ = {isa = PBXBuildFile; fileRef = 1706A3B128A5A85C006E1D05 /* LaunchScreen.storyboard */; };
		1706A3BB28A5B3D1006E1D05 /* TableViewController.swift in Sources */ = {isa = PBXBuildFile; fileRef = 1706A3BA28A5B3D1006E1D05 /* TableViewController.swift */; };
		1706A3BD28A696BB006E1D05 /* ProgramItems.swift in Sources */ = {isa = PBXBuildFile; fileRef = 1706A3BC28A696BB006E1D05 /* ProgramItems.swift */; };
		1706A3BF28AA8913006E1D05 /* PDFViewController.swift in Sources */ = {isa = PBXBuildFile; fileRef = 1706A3BE28AA8913006E1D05 /* PDFViewController.swift */; };
		1706A3C128AAA929006E1D05 /* TabBarController.swift in Sources */ = {isa = PBXBuildFile; fileRef = 1706A3C028AAA929006E1D05 /* TabBarController.swift */; };
		1706A3C328AAC19C006E1D05 /* ChurchProgram.pdf in Resources */ = {isa = PBXBuildFile; fileRef = 1706A3C228AAC19C006E1D05 /* ChurchProgram.pdf */; };
/* End PBXBuildFile section */

/* Begin PBXFileReference section */
		1706A3A328A5A85B006E1D05 /* Program Builder.app */ = {isa = PBXFileReference; explicitFileType = wrapper.application; includeInIndex = 0; path = "Program Builder.app"; sourceTree = BUILT_PRODUCTS_DIR; };
		1706A3A628A5A85B006E1D05 /* AppDelegate.swift */ = {isa = PBXFileReference; lastKnownFileType = sourcecode.swift; path = AppDelegate.swift; sourceTree = "<group>"; };
		1706A3A828A5A85B006E1D05 /* SceneDelegate.swift */ = {isa = PBXFileReference; lastKnownFileType = sourcecode.swift; path = SceneDelegate.swift; sourceTree = "<group>"; };
		1706A3AA28A5A85B006E1D05 /* ViewController.swift */ = {isa = PBXFileReference; lastKnownFileType = sourcecode.swift; path = ViewController.swift; sourceTree = "<group>"; };
		1706A3AD28A5A85B006E1D05 /* Base */ = {isa = PBXFileReference; lastKnownFileType = file.storyboard; name = Base; path = Base.lproj/Main.storyboard; sourceTree = "<group>"; };
		1706A3AF28A5A85C006E1D05 /* Assets.xcassets */ = {isa = PBXFileReference; lastKnownFileType = folder.assetcatalog; path = Assets.xcassets; sourceTree = "<group>"; };
		1706A3B228A5A85C006E1D05 /* Base */ = {isa = PBXFileReference; lastKnownFileType = file.storyboard; name = Base; path = Base.lproj/LaunchScreen.storyboard; sourceTree = "<group>"; };
		1706A3B428A5A85C006E1D05 /* Info.plist */ = {isa = PBXFileReference; lastKnownFileType = text.plist.xml; path = Info.plist; sourceTree = "<group>"; };
		1706A3BA28A5B3D1006E1D05 /* TableViewController.swift */ = {isa = PBXFileReference; lastKnownFileType = sourcecode.swift; path = TableViewController.swift; sourceTree = "<group>"; };
		1706A3BC28A696BB006E1D05 /* ProgramItems.swift */ = {isa = PBXFileReference; lastKnownFileType = sourcecode.swift; path = ProgramItems.swift; sourceTree = "<group>"; };
		1706A3BE28AA8913006E1D05 /* PDFViewController.swift */ = {isa = PBXFileReference; lastKnownFileType = sourcecode.swift; path = PDFViewController.swift; sourceTree = "<group>"; };
		1706A3C028AAA929006E1D05 /* TabBarController.swift */ = {isa = PBXFileReference; lastKnownFileType = sourcecode.swift; path = TabBarController.swift; sourceTree = "<group>"; };
		1706A3C228AAC19C006E1D05 /* ChurchProgram.pdf */ = {isa = PBXFileReference; lastKnownFileType = image.pdf; path = ChurchProgram.pdf; sourceTree = "<group>"; };
/* End PBXFileReference section */

/* Begin PBXFrameworksBuildPhase section */
		1706A3A028A5A85B006E1D05 /* Frameworks */ = {
			isa = PBXFrameworksBuildPhase;
			buildActionMask = 2147483647;
			files = (
			);
			runOnlyForDeploymentPostprocessing = 0;
		};
/* End PBXFrameworksBuildPhase section */

/* Begin PBXGroup section */
		1706A39A28A5A85B006E1D05 = {
			isa = PBXGroup;
			children = (
				1706A3A528A5A85B006E1D05 /* Program Builder */,
				1706A3A428A5A85B006E1D05 /* Products */,
			);
			sourceTree = "<group>";
		};
		1706A3A428A5A85B006E1D05 /* Products */ = {
			isa = PBXGroup;
			children = (
				1706A3A328A5A85B006E1D05 /* Program Builder.app */,
			);
			name = Products;
			sourceTree = "<group>";
		};
		1706A3A528A5A85B006E1D05 /* Program Builder */ = {
			isa = PBXGroup;
			children = (
				1706A3BC28A696BB006E1D05 /* ProgramItems.swift */,
				1706A3BE28AA8913006E1D05 /* PDFViewController.swift */,
				1706A3A628A5A85B006E1D05 /* AppDelegate.swift */,
				1706A3A828A5A85B006E1D05 /* SceneDelegate.swift */,
				1706A3AA28A5A85B006E1D05 /* ViewController.swift */,
				1706A3BA28A5B3D1006E1D05 /* TableViewController.swift */,
				1706A3C028AAA929006E1D05 /* TabBarController.swift */,
				1706A3AC28A5A85B006E1D05 /* Main.storyboard */,
				1706A3AF28A5A85C006E1D05 /* Assets.xcassets */,
				1706A3B128A5A85C006E1D05 /* LaunchScreen.storyboard */,
				1706A3B428A5A85C006E1D05 /* Info.plist */,
				1706A3C228AAC19C006E1D05 /* ChurchProgram.pdf */,
			);
			path = "Program Builder";
			sourceTree = "<group>";
		};
/* End PBXGroup section */

/* Begin PBXNativeTarget section */
		1706A3A228A5A85B006E1D05 /* Program Builder */ = {
			isa = PBXNativeTarget;
			buildConfigurationList = 1706A3B728A5A85C006E1D05 /* Build configuration list for PBXNativeTarget "Program Builder" */;
			buildPhases = (
				1706A39F28A5A85B006E1D05 /* Sources */,
				1706A3A028A5A85B006E1D05 /* Frameworks */,
				1706A3A128A5A85B006E1D05 /* Resources */,
			);
			buildRules = (
			);
			dependencies = (
			);
			name = "Program Builder";
			productName = "Program Builder";
			productReference = 1706A3A328A5A85B006E1D05 /* Program Builder.app */;
			productType = "com.apple.product-type.application";
		};
/* End PBXNativeTarget section */

/* Begin PBXProject section */
		1706A39B28A5A85B006E1D05 /* Project object */ = {
			isa = PBXProject;
			attributes = {
				BuildIndependentTargetsInParallel = 1;
				LastSwiftUpdateCheck = 1340;
				LastUpgradeCheck = 1340;
				TargetAttributes = {
					1706A3A228A5A85B006E1D05 = {
						CreatedOnToolsVersion = 13.4.1;
					};
				};
			};
			buildConfigurationList = 1706A39E28A5A85B006E1D05 /* Build configuration list for PBXProject "Program Builder" */;
			compatibilityVersion = "Xcode 13.0";
			developmentRegion = en;
			hasScannedForEncodings = 0;
			knownRegions = (
				en,
				Base,
			);
			mainGroup = 1706A39A28A5A85B006E1D05;
			productRefGroup = 1706A3A428A5A85B006E1D05 /* Products */;
			projectDirPath = "";
			projectRoot = "";
			targets = (
				1706A3A228A5A85B006E1D05 /* Program Builder */,
			);
		};
/* End PBXProject section */

/* Begin PBXResourcesBuildPhase section */
		1706A3A128A5A85B006E1D05 /* Resources */ = {
			isa = PBXResourcesBuildPhase;
			buildActionMask = 2147483647;
			files = (
				1706A3B328A5A85C006E1D05 /* LaunchScreen.storyboard in Resources */,
				1706A3B028A5A85C006E1D05 /* Assets.xcassets in Resources */,
				1706A3C328AAC19C006E1D05 /* ChurchProgram.pdf in Resources */,
				1706A3AE28A5A85B006E1D05 /* Main.storyboard in Resources */,
			);
			runOnlyForDeploymentPostprocessing = 0;
		};
/* End PBXResourcesBuildPhase section */

/* Begin PBXSourcesBuildPhase section */
		1706A39F28A5A85B006E1D05 /* Sources */ = {
			isa = PBXSourcesBuildPhase;
			buildActionMask = 2147483647;
			files = (
				1706A3AB28A5A85B006E1D05 /* ViewController.swift in Sources */,
				1706A3A728A5A85B006E1D05 /* AppDelegate.swift in Sources */,
				1706A3A928A5A85B006E1D05 /* SceneDelegate.swift in Sources */,
				1706A3BF28AA8913006E1D05 /* PDFViewController.swift in Sources */,
				1706A3C128AAA929006E1D05 /* TabBarController.swift in Sources */,
				1706A3BD28A696BB006E1D05 /* ProgramItems.swift in Sources */,
				1706A3BB28A5B3D1006E1D05 /* TableViewController.swift in Sources */,
			);
			runOnlyForDeploymentPostprocessing = 0;
		};
/* End PBXSourcesBuildPhase section */

/* Begin PBXVariantGroup section */
		1706A3AC28A5A85B006E1D05 /* Main.storyboard */ = {
			isa = PBXVariantGroup;
			children = (
				1706A3AD28A5A85B006E1D05 /* Base */,
			);
			name = Main.storyboard;
			sourceTree = "<group>";
		};
		1706A3B128A5A85C006E1D05 /* LaunchScreen.storyboard */ = {
			isa = PBXVariantGroup;
			children = (
				1706A3B228A5A85C006E1D05 /* Base */,
			);
			name = LaunchScreen.storyboard;
			sourceTree = "<group>";
		};
/* End PBXVariantGroup section */

/* Begin XCBuildConfiguration section */
		1706A3B528A5A85C006E1D05 /* Debug */ = {
			isa = XCBuildConfiguration;
			buildSettings = {
				ALWAYS_SEARCH_USER_PATHS = NO;
				CLANG_ANALYZER_NONNULL = YES;
				CLANG_ANALYZER_NUMBER_OBJECT_CONVERSION = YES_AGGRESSIVE;
				CLANG_CXX_LANGUAGE_STANDARD = "gnu++17";
				CLANG_ENABLE_MODULES = YES;
				CLANG_ENABLE_OBJC_ARC = YES;
				CLANG_ENABLE_OBJC_WEAK = YES;
				CLANG_WARN_BLOCK_CAPTURE_AUTORELEASING = YES;
				CLANG_WARN_BOOL_CONVERSION = YES;
				CLANG_WARN_COMMA = YES;
				CLANG_WARN_CONSTANT_CONVERSION = YES;
				CLANG_WARN_DEPRECATED_OBJC_IMPLEMENTATIONS = YES;
				CLANG_WARN_DIRECT_OBJC_ISA_USAGE = YES_ERROR;
				CLANG_WARN_DOCUMENTATION_COMMENTS = YES;
				CLANG_WARN_EMPTY_BODY = YES;
				CLANG_WARN_ENUM_CONVERSION = YES;
				CLANG_WARN_INFINITE_RECURSION = YES;
				CLANG_WARN_INT_CONVERSION = YES;
				CLANG_WARN_NON_LITERAL_NULL_CONVERSION = YES;
				CLANG_WARN_OBJC_IMPLICIT_RETAIN_SELF = YES;
				CLANG_WARN_OBJC_LITERAL_CONVERSION = YES;
				CLANG_WARN_OBJC_ROOT_CLASS = YES_ERROR;
				CLANG_WARN_QUOTED_INCLUDE_IN_FRAMEWORK_HEADER = YES;
				CLANG_WARN_RANGE_LOOP_ANALYSIS = YES;
				CLANG_WARN_STRICT_PROTOTYPES = YES;
				CLANG_WARN_SUSPICIOUS_MOVE = YES;
				CLANG_WARN_UNGUARDED_AVAILABILITY = YES_AGGRESSIVE;
				CLANG_WARN_UNREACHABLE_CODE = YES;
				CLANG_WARN__DUPLICATE_METHOD_MATCH = YES;
				COPY_PHASE_STRIP = NO;
				DEBUG_INFORMATION_FORMAT = dwarf;
				ENABLE_STRICT_OBJC_MSGSEND = YES;
				ENABLE_TESTABILITY = YES;
				GCC_C_LANGUAGE_STANDARD = gnu11;
				GCC_DYNAMIC_NO_PIC = NO;
				GCC_NO_COMMON_BLOCKS = YES;
				GCC_OPTIMIZATION_LEVEL = 0;
				GCC_PREPROCESSOR_DEFINITIONS = (
					"DEBUG=1",
					"$(inherited)",
				);
				GCC_WARN_64_TO_32_BIT_CONVERSION = YES;
				GCC_WARN_ABOUT_RETURN_TYPE = YES_ERROR;
				GCC_WARN_UNDECLARED_SELECTOR = YES;
				GCC_WARN_UNINITIALIZED_AUTOS = YES_AGGRESSIVE;
				GCC_WARN_UNUSED_FUNCTION = YES;
				GCC_WARN_UNUSED_VARIABLE = YES;
				IPHONEOS_DEPLOYMENT_TARGET = 15.5;
				MTL_ENABLE_DEBUG_INFO = INCLUDE_SOURCE;
				MTL_FAST_MATH = YES;
				ONLY_ACTIVE_ARCH = YES;
				SDKROOT = iphoneos;
				SWIFT_ACTIVE_COMPILATION_CONDITIONS = DEBUG;
				SWIFT_OPTIMIZATION_LEVEL = "-Onone";
			};
			name = Debug;
		};
		1706A3B628A5A85C006E1D05 /* Release */ = {
			isa = XCBuildConfiguration;
			buildSettings = {
				ALWAYS_SEARCH_USER_PATHS = NO;
				CLANG_ANALYZER_NONNULL = YES;
				CLANG_ANALYZER_NUMBER_OBJECT_CONVERSION = YES_AGGRESSIVE;
				CLANG_CXX_LANGUAGE_STANDARD = "gnu++17";
				CLANG_ENABLE_MODULES = YES;
				CLANG_ENABLE_OBJC_ARC = YES;
				CLANG_ENABLE_OBJC_WEAK = YES;
				CLANG_WARN_BLOCK_CAPTURE_AUTORELEASING = YES;
				CLANG_WARN_BOOL_CONVERSION = YES;
				CLANG_WARN_COMMA = YES;
				CLANG_WARN_CONSTANT_CONVERSION = YES;
				CLANG_WARN_DEPRECATED_OBJC_IMPLEMENTATIONS = YES;
				CLANG_WARN_DIRECT_OBJC_ISA_USAGE = YES_ERROR;
				CLANG_WARN_DOCUMENTATION_COMMENTS = YES;
				CLANG_WARN_EMPTY_BODY = YES;
				CLANG_WARN_ENUM_CONVERSION = YES;
				CLANG_WARN_INFINITE_RECURSION = YES;
				CLANG_WARN_INT_CONVERSION = YES;
				CLANG_WARN_NON_LITERAL_NULL_CONVERSION = YES;
				CLANG_WARN_OBJC_IMPLICIT_RETAIN_SELF = YES;
				CLANG_WARN_OBJC_LITERAL_CONVERSION = YES;
				CLANG_WARN_OBJC_ROOT_CLASS = YES_ERROR;
				CLANG_WARN_QUOTED_INCLUDE_IN_FRAMEWORK_HEADER = YES;
				CLANG_WARN_RANGE_LOOP_ANALYSIS = YES;
				CLANG_WARN_STRICT_PROTOTYPES = YES;
				CLANG_WARN_SUSPICIOUS_MOVE = YES;
				CLANG_WARN_UNGUARDED_AVAILABILITY = YES_AGGRESSIVE;
				CLANG_WARN_UNREACHABLE_CODE = YES;
				CLANG_WARN__DUPLICATE_METHOD_MATCH = YES;
				COPY_PHASE_STRIP = NO;
				DEBUG_INFORMATION_FORMAT = "dwarf-with-dsym";
				ENABLE_NS_ASSERTIONS = NO;
				ENABLE_STRICT_OBJC_MSGSEND = YES;
				GCC_C_LANGUAGE_STANDARD = gnu11;
				GCC_NO_COMMON_BLOCKS = YES;
				GCC_WARN_64_TO_32_BIT_CONVERSION = YES;
				GCC_WARN_ABOUT_RETURN_TYPE = YES_ERROR;
				GCC_WARN_UNDECLARED_SELECTOR = YES;
				GCC_WARN_UNINITIALIZED_AUTOS = YES_AGGRESSIVE;
				GCC_WARN_UNUSED_FUNCTION = YES;
				GCC_WARN_UNUSED_VARIABLE = YES;
				IPHONEOS_DEPLOYMENT_TARGET = 15.5;
				MTL_ENABLE_DEBUG_INFO = NO;
				MTL_FAST_MATH = YES;
				SDKROOT = iphoneos;
				SWIFT_COMPILATION_MODE = wholemodule;
				SWIFT_OPTIMIZATION_LEVEL = "-O";
				VALIDATE_PRODUCT = YES;
			};
			name = Release;
		};
		1706A3B828A5A85C006E1D05 /* Debug */ = {
			isa = XCBuildConfiguration;
			buildSettings = {
				ASSETCATALOG_COMPILER_APPICON_NAME = AppIcon;
				ASSETCATALOG_COMPILER_GLOBAL_ACCENT_COLOR_NAME = AccentColor;
				CODE_SIGN_STYLE = Automatic;
				CURRENT_PROJECT_VERSION = 1;
				DEVELOPMENT_TEAM = YG4S65AXJP;
				GENERATE_INFOPLIST_FILE = YES;
				INFOPLIST_FILE = "Program Builder/Info.plist";
				INFOPLIST_KEY_UIApplicationSupportsIndirectInputEvents = YES;
				INFOPLIST_KEY_UILaunchStoryboardName = LaunchScreen;
				INFOPLIST_KEY_UIMainStoryboardFile = Main;
				INFOPLIST_KEY_UISupportedInterfaceOrientations_iPad = "UIInterfaceOrientationPortrait UIInterfaceOrientationPortraitUpsideDown UIInterfaceOrientationLandscapeLeft UIInterfaceOrientationLandscapeRight";
				INFOPLIST_KEY_UISupportedInterfaceOrientations_iPhone = "UIInterfaceOrientationPortrait UIInterfaceOrientationLandscapeLeft UIInterfaceOrientationLandscapeRight";
				LD_RUNPATH_SEARCH_PATHS = (
					"$(inherited)",
					"@executable_path/Frameworks",
				);
				MARKETING_VERSION = 1.0;
				PRODUCT_BUNDLE_IDENTIFIER = "com.example.Program-Builder";
				PRODUCT_NAME = "$(TARGET_NAME)";
				SWIFT_EMIT_LOC_STRINGS = YES;
				SWIFT_VERSION = 5.0;
				TARGETED_DEVICE_FAMILY = "1,2";
			};
			name = Debug;
		};
		1706A3B928A5A85C006E1D05 /* Release */ = {
			isa = XCBuildConfiguration;
			buildSettings = {
				ASSETCATALOG_COMPILER_APPICON_NAME = AppIcon;
				ASSETCATALOG_COMPILER_GLOBAL_ACCENT_COLOR_NAME = AccentColor;
				CODE_SIGN_STYLE = Automatic;
				CURRENT_PROJECT_VERSION = 1;
				DEVELOPMENT_TEAM = YG4S65AXJP;
				GENERATE_INFOPLIST_FILE = YES;
				INFOPLIST_FILE = "Program Builder/Info.plist";
				INFOPLIST_KEY_UIApplicationSupportsIndirectInputEvents = YES;
				INFOPLIST_KEY_UILaunchStoryboardName = LaunchScreen;
				INFOPLIST_KEY_UIMainStoryboardFile = Main;
				INFOPLIST_KEY_UISupportedInterfaceOrientations_iPad = "UIInterfaceOrientationPortrait UIInterfaceOrientationPortraitUpsideDown UIInterfaceOrientationLandscapeLeft UIInterfaceOrientationLandscapeRight";
				INFOPLIST_KEY_UISupportedInterfaceOrientations_iPhone = "UIInterfaceOrientationPortrait UIInterfaceOrientationLandscapeLeft UIInterfaceOrientationLandscapeRight";
				LD_RUNPATH_SEARCH_PATHS = (
					"$(inherited)",
					"@executable_path/Frameworks",
				);
				MARKETING_VERSION = 1.0;
				PRODUCT_BUNDLE_IDENTIFIER = "com.example.Program-Builder";
				PRODUCT_NAME = "$(TARGET_NAME)";
				SWIFT_EMIT_LOC_STRINGS = YES;
				SWIFT_VERSION = 5.0;
				TARGETED_DEVICE_FAMILY = "1,2";
			};
			name = Release;
		};
/* End XCBuildConfiguration section */

/* Begin XCConfigurationList section */
		1706A39E28A5A85B006E1D05 /* Build configuration list for PBXProject "Program Builder" */ = {
			isa = XCConfigurationList;
			buildConfigurations = (
				1706A3B528A5A85C006E1D05 /* Debug */,
				1706A3B628A5A85C006E1D05 /* Release */,
			);
			defaultConfigurationIsVisible = 0;
			defaultConfigurationName = Release;
		};
		1706A3B728A5A85C006E1D05 /* Build configuration list for PBXNativeTarget "Program Builder" */ = {
			isa = XCConfigurationList;
			buildConfigurations = (
				1706A3B828A5A85C006E1D05 /* Debug */,
				1706A3B928A5A85C006E1D05 /* Release */,
			);
			defaultConfigurationIsVisible = 0;
			defaultConfigurationName = Release;
		};
/* End XCConfigurationList section */
	};
	rootObject = 1706A39B28A5A85B006E1D05 /* Project object */;
}
